
Microsoft Visual Studio Solution File, Format Version 12.00
# Visual Studio 15
VisualStudioVersion = 15.0.28307.168
MinimumVisualStudioVersion = 10.0.40219.1
Project("{FAE04EC0-301F-11D3-BF4B-00C04F79EFBC}") = "RefreshCalendar.Android", "RefreshCalendar\RefreshCalendar.Android\RefreshCalendar.Android.csproj", "{640C14BD-0840-4B24-B028-5F216C40261F}"
EndProject
Project("{FAE04EC0-301F-11D3-BF4B-00C04F79EFBC}") = "RefreshCalendar.iOS", "RefreshCalendar\RefreshCalendar.iOS\RefreshCalendar.iOS.csproj", "{3E639509-02D0-4EDA-B3CC-72E2A798D105}"
EndProject
Project("{FAE04EC0-301F-11D3-BF4B-00C04F79EFBC}") = "RefreshCalendar.UWP", "RefreshCalendar\RefreshCalendar.UWP\RefreshCalendar.UWP.csproj", "{1DCF42F9-78F3-4027-892F-1D5A22B94959}"
EndProject
Project("{FAE04EC0-301F-11D3-BF4B-00C04F79EFBC}") = "RefreshCalendar", "RefreshCalendar\RefreshCalendar\RefreshCalendar.csproj", "{7D25B16D-404B-4CEB-B451-D5748CFF3B8F}"
EndProject
Global
	GlobalSection(SolutionConfigurationPlatforms) = preSolution
		Ad-Hoc|Any CPU = Ad-Hoc|Any CPU
		Ad-Hoc|ARM = Ad-Hoc|ARM
		Ad-Hoc|iPhone = Ad-Hoc|iPhone
		Ad-Hoc|iPhoneSimulator = Ad-Hoc|iPhoneSimulator
		Ad-Hoc|x64 = Ad-Hoc|x64
		Ad-Hoc|x86 = Ad-Hoc|x86
		AppStore|Any CPU = AppStore|Any CPU
		AppStore|ARM = AppStore|ARM
		AppStore|iPhone = AppStore|iPhone
		AppStore|iPhoneSimulator = AppStore|iPhoneSimulator
		AppStore|x64 = AppStore|x64
		AppStore|x86 = AppStore|x86
		Debug|Any CPU = Debug|Any CPU
		Debug|ARM = Debug|ARM
		Debug|iPhone = Debug|iPhone
		Debug|iPhoneSimulator = Debug|iPhoneSimulator
		Debug|x64 = Debug|x64
		Debug|x86 = Debug|x86
		Release|Any CPU = Release|Any CPU
		Release|ARM = Release|ARM
		Release|iPhone = Release|iPhone
		Release|iPhoneSimulator = Release|iPhoneSimulator
		Release|x64 = Release|x64
		Release|x86 = Release|x86
	EndGlobalSection
	GlobalSection(ProjectConfigurationPlatforms) = postSolution
		{640C14BD-0840-4B24-B028-5F216C40261F}.Ad-Hoc|Any CPU.ActiveCfg = Release|Any CPU
		{640C14BD-0840-4B24-B028-5F216C40261F}.Ad-Hoc|Any CPU.Build.0 = Release|Any CPU
		{640C14BD-0840-4B24-B028-5F216C40261F}.Ad-Hoc|Any CPU.Deploy.0 = Release|Any CPU
		{640C14BD-0840-4B24-B028-5F216C40261F}.Ad-Hoc|ARM.ActiveCfg = Release|Any CPU
		{640C14BD-0840-4B24-B028-5F216C40261F}.Ad-Hoc|ARM.Build.0 = Release|Any CPU
		{640C14BD-0840-4B24-B028-5F216C40261F}.Ad-Hoc|ARM.Deploy.0 = Release|Any CPU
		{640C14BD-0840-4B24-B028-5F216C40261F}.Ad-Hoc|iPhone.ActiveCfg = Release|Any CPU
		{640C14BD-0840-4B24-B028-5F216C40261F}.Ad-Hoc|iPhone.Build.0 = Release|Any CPU
		{640C14BD-0840-4B24-B028-5F216C40261F}.Ad-Hoc|iPhone.Deploy.0 = Release|Any CPU
		{640C14BD-0840-4B24-B028-5F216C40261F}.Ad-Hoc|iPhoneSimulator.ActiveCfg = Release|Any CPU
		{640C14BD-0840-4B24-B028-5F216C40261F}.Ad-Hoc|iPhoneSimulator.Build.0 = Release|Any CPU
		{640C14BD-0840-4B24-B028-5F216C40261F}.Ad-Hoc|iPhoneSimulator.Deploy.0 = Release|Any CPU
		{640C14BD-0840-4B24-B028-5F216C40261F}.Ad-Hoc|x64.ActiveCfg = Release|Any CPU
		{640C14BD-0840-4B24-B028-5F216C40261F}.Ad-Hoc|x64.Build.0 = Release|Any CPU
		{640C14BD-0840-4B24-B028-5F216C40261F}.Ad-Hoc|x64.Deploy.0 = Release|Any CPU
		{640C14BD-0840-4B24-B028-5F216C40261F}.Ad-Hoc|x86.ActiveCfg = Release|Any CPU
		{640C14BD-0840-4B24-B028-5F216C40261F}.Ad-Hoc|x86.Build.0 = Release|Any CPU
		{640C14BD-0840-4B24-B028-5F216C40261F}.Ad-Hoc|x86.Deploy.0 = Release|Any CPU
		{640C14BD-0840-4B24-B028-5F216C40261F}.AppStore|Any CPU.ActiveCfg = Release|Any CPU
		{640C14BD-0840-4B24-B028-5F216C40261F}.AppStore|Any CPU.Build.0 = Release|Any CPU
		{640C14BD-0840-4B24-B028-5F216C40261F}.AppStore|Any CPU.Deploy.0 = Release|Any CPU
		{640C14BD-0840-4B24-B028-5F216C40261F}.AppStore|ARM.ActiveCfg = Release|Any CPU
		{640C14BD-0840-4B24-B028-5F216C40261F}.AppStore|ARM.Build.0 = Release|Any CPU
		{640C14BD-0840-4B24-B028-5F216C40261F}.AppStore|ARM.Deploy.0 = Release|Any CPU
		{640C14BD-0840-4B24-B028-5F216C40261F}.AppStore|iPhone.ActiveCfg = Release|Any CPU
		{640C14BD-0840-4B24-B028-5F216C40261F}.AppStore|iPhone.Build.0 = Release|Any CPU
		{640C14BD-0840-4B24-B028-5F216C40261F}.AppStore|iPhone.Deploy.0 = Release|Any CPU
		{640C14BD-0840-4B24-B028-5F216C40261F}.AppStore|iPhoneSimulator.ActiveCfg = Release|Any CPU
		{640C14BD-0840-4B24-B028-5F216C40261F}.AppStore|iPhoneSimulator.Build.0 = Release|Any CPU
		{640C14BD-0840-4B24-B028-5F216C40261F}.AppStore|iPhoneSimulator.Deploy.0 = Release|Any CPU
		{640C14BD-0840-4B24-B028-5F216C40261F}.AppStore|x64.ActiveCfg = Release|Any CPU
		{640C14BD-0840-4B24-B028-5F216C40261F}.AppStore|x64.Build.0 = Release|Any CPU
		{640C14BD-0840-4B24-B028-5F216C40261F}.AppStore|x64.Deploy.0 = Release|Any CPU
		{640C14BD-0840-4B24-B028-5F216C40261F}.AppStore|x86.ActiveCfg = Release|Any CPU
		{640C14BD-0840-4B24-B028-5F216C40261F}.AppStore|x86.Build.0 = Release|Any CPU
		{640C14BD-0840-4B24-B028-5F216C40261F}.AppStore|x86.Deploy.0 = Release|Any CPU
		{640C14BD-0840-4B24-B028-5F216C40261F}.Debug|Any CPU.ActiveCfg = Debug|Any CPU
		{640C14BD-0840-4B24-B028-5F216C40261F}.Debug|Any CPU.Build.0 = Debug|Any CPU
		{640C14BD-0840-4B24-B028-5F216C40261F}.Debug|Any CPU.Deploy.0 = Debug|Any CPU
		{640C14BD-0840-4B24-B028-5F216C40261F}.Debug|ARM.ActiveCfg = Debug|Any CPU
		{640C14BD-0840-4B24-B028-5F216C40261F}.Debug|ARM.Build.0 = Debug|Any CPU
		{640C14BD-0840-4B24-B028-5F216C40261F}.Debug|ARM.Deploy.0 = Debug|Any CPU
		{640C14BD-0840-4B24-B028-5F216C40261F}.Debug|iPhone.ActiveCfg = Debug|Any CPU
		{640C14BD-0840-4B24-B028-5F216C40261F}.Debug|iPhone.Build.0 = Debug|Any CPU
		{640C14BD-0840-4B24-B028-5F216C40261F}.Debug|iPhone.Deploy.0 = Debug|Any CPU
		{640C14BD-0840-4B24-B028-5F216C40261F}.Debug|iPhoneSimulator.ActiveCfg = Debug|Any CPU
		{640C14BD-0840-4B24-B028-5F216C40261F}.Debug|iPhoneSimulator.Build.0 = Debug|Any CPU
		{640C14BD-0840-4B24-B028-5F216C40261F}.Debug|iPhoneSimulator.Deploy.0 = Debug|Any CPU
		{640C14BD-0840-4B24-B028-5F216C40261F}.Debug|x64.ActiveCfg = Debug|Any CPU
		{640C14BD-0840-4B24-B028-5F216C40261F}.Debug|x64.Build.0 = Debug|Any CPU
		{640C14BD-0840-4B24-B028-5F216C40261F}.Debug|x64.Deploy.0 = Debug|Any CPU
		{640C14BD-0840-4B24-B028-5F216C40261F}.Debug|x86.ActiveCfg = Debug|Any CPU
		{640C14BD-0840-4B24-B028-5F216C40261F}.Debug|x86.Build.0 = Debug|Any CPU
		{640C14BD-0840-4B24-B028-5F216C40261F}.Debug|x86.Deploy.0 = Debug|Any CPU
		{640C14BD-0840-4B24-B028-5F216C40261F}.Release|Any CPU.ActiveCfg = Release|Any CPU
		{640C14BD-0840-4B24-B028-5F216C40261F}.Release|Any CPU.Build.0 = Release|Any CPU
		{640C14BD-0840-4B24-B028-5F216C40261F}.Release|Any CPU.Deploy.0 = Release|Any CPU
		{640C14BD-0840-4B24-B028-5F216C40261F}.Release|ARM.ActiveCfg = Release|Any CPU
		{640C14BD-0840-4B24-B028-5F216C40261F}.Release|ARM.Build.0 = Release|Any CPU
		{640C14BD-0840-4B24-B028-5F216C40261F}.Release|ARM.Deploy.0 = Release|Any CPU
		{640C14BD-0840-4B24-B028-5F216C40261F}.Release|iPhone.ActiveCfg = Release|Any CPU
		{640C14BD-0840-4B24-B028-5F216C40261F}.Release|iPhone.Build.0 = Release|Any CPU
		{640C14BD-0840-4B24-B028-5F216C40261F}.Release|iPhone.Deploy.0 = Release|Any CPU
		{640C14BD-0840-4B24-B028-5F216C40261F}.Release|iPhoneSimulator.ActiveCfg = Release|Any CPU
		{640C14BD-0840-4B24-B028-5F216C40261F}.Release|iPhoneSimulator.Build.0 = Release|Any CPU
		{640C14BD-0840-4B24-B028-5F216C40261F}.Release|iPhoneSimulator.Deploy.0 = Release|Any CPU
		{640C14BD-0840-4B24-B028-5F216C40261F}.Release|x64.ActiveCfg = Release|Any CPU
		{640C14BD-0840-4B24-B028-5F216C40261F}.Release|x64.Build.0 = Release|Any CPU
		{640C14BD-0840-4B24-B028-5F216C40261F}.Release|x64.Deploy.0 = Release|Any CPU
		{640C14BD-0840-4B24-B028-5F216C40261F}.Release|x86.ActiveCfg = Release|Any CPU
		{640C14BD-0840-4B24-B028-5F216C40261F}.Release|x86.Build.0 = Release|Any CPU
		{640C14BD-0840-4B24-B028-5F216C40261F}.Release|x86.Deploy.0 = Release|Any CPU
		{3E639509-02D0-4EDA-B3CC-72E2A798D105}.Ad-Hoc|Any CPU.ActiveCfg = Ad-Hoc|iPhone
		{3E639509-02D0-4EDA-B3CC-72E2A798D105}.Ad-Hoc|Any CPU.Build.0 = Ad-Hoc|iPhone
		{3E639509-02D0-4EDA-B3CC-72E2A798D105}.Ad-Hoc|Any CPU.Deploy.0 = Ad-Hoc|iPhone
		{3E639509-02D0-4EDA-B3CC-72E2A798D105}.Ad-Hoc|ARM.ActiveCfg = Ad-Hoc|iPhone
		{3E639509-02D0-4EDA-B3CC-72E2A798D105}.Ad-Hoc|ARM.Build.0 = Ad-Hoc|iPhone
		{3E639509-02D0-4EDA-B3CC-72E2A798D105}.Ad-Hoc|ARM.Deploy.0 = Ad-Hoc|iPhone
		{3E639509-02D0-4EDA-B3CC-72E2A798D105}.Ad-Hoc|iPhone.ActiveCfg = Ad-Hoc|iPhone
		{3E639509-02D0-4EDA-B3CC-72E2A798D105}.Ad-Hoc|iPhone.Build.0 = Ad-Hoc|iPhone
		{3E639509-02D0-4EDA-B3CC-72E2A798D105}.Ad-Hoc|iPhone.Deploy.0 = Ad-Hoc|iPhone
		{3E639509-02D0-4EDA-B3CC-72E2A798D105}.Ad-Hoc|iPhoneSimulator.ActiveCfg = Ad-Hoc|iPhoneSimulator
		{3E639509-02D0-4EDA-B3CC-72E2A798D105}.Ad-Hoc|iPhoneSimulator.Build.0 = Ad-Hoc|iPhoneSimulator
		{3E639509-02D0-4EDA-B3CC-72E2A798D105}.Ad-Hoc|iPhoneSimulator.Deploy.0 = Ad-Hoc|iPhoneSimulator
		{3E639509-02D0-4EDA-B3CC-72E2A798D105}.Ad-Hoc|x64.ActiveCfg = Ad-Hoc|iPhone
		{3E639509-02D0-4EDA-B3CC-72E2A798D105}.Ad-Hoc|x64.Build.0 = Ad-Hoc|iPhone
		{3E639509-02D0-4EDA-B3CC-72E2A798D105}.Ad-Hoc|x64.Deploy.0 = Ad-Hoc|iPhone
		{3E639509-02D0-4EDA-B3CC-72E2A798D105}.Ad-Hoc|x86.ActiveCfg = Ad-Hoc|iPhone
		{3E639509-02D0-4EDA-B3CC-72E2A798D105}.Ad-Hoc|x86.Build.0 = Ad-Hoc|iPhone
		{3E639509-02D0-4EDA-B3CC-72E2A798D105}.Ad-Hoc|x86.Deploy.0 = Ad-Hoc|iPhone
		{3E639509-02D0-4EDA-B3CC-72E2A798D105}.AppStore|Any CPU.ActiveCfg = AppStore|iPhone
		{3E639509-02D0-4EDA-B3CC-72E2A798D105}.AppStore|Any CPU.Build.0 = AppStore|iPhone
		{3E639509-02D0-4EDA-B3CC-72E2A798D105}.AppStore|Any CPU.Deploy.0 = AppStore|iPhone
		{3E639509-02D0-4EDA-B3CC-72E2A798D105}.AppStore|ARM.ActiveCfg = AppStore|iPhone
		{3E639509-02D0-4EDA-B3CC-72E2A798D105}.AppStore|ARM.Build.0 = AppStore|iPhone
		{3E639509-02D0-4EDA-B3CC-72E2A798D105}.AppStore|ARM.Deploy.0 = AppStore|iPhone
		{3E639509-02D0-4EDA-B3CC-72E2A798D105}.AppStore|iPhone.ActiveCfg = AppStore|iPhone
		{3E639509-02D0-4EDA-B3CC-72E2A798D105}.AppStore|iPhone.Build.0 = AppStore|iPhone
		{3E639509-02D0-4EDA-B3CC-72E2A798D105}.AppStore|iPhone.Deploy.0 = AppStore|iPhone
		{3E639509-02D0-4EDA-B3CC-72E2A798D105}.AppStore|iPhoneSimulator.ActiveCfg = AppStore|iPhoneSimulator
		{3E639509-02D0-4EDA-B3CC-72E2A798D105}.AppStore|iPhoneSimulator.Build.0 = AppStore|iPhoneSimulator
		{3E639509-02D0-4EDA-B3CC-72E2A798D105}.AppStore|iPhoneSimulator.Deploy.0 = AppStore|iPhoneSimulator
		{3E639509-02D0-4EDA-B3CC-72E2A798D105}.AppStore|x64.ActiveCfg = AppStore|iPhone
		{3E639509-02D0-4EDA-B3CC-72E2A798D105}.AppStore|x64.Build.0 = AppStore|iPhone
		{3E639509-02D0-4EDA-B3CC-72E2A798D105}.AppStore|x64.Deploy.0 = AppStore|iPhone
		{3E639509-02D0-4EDA-B3CC-72E2A798D105}.AppStore|x86.ActiveCfg = AppStore|iPhone
		{3E639509-02D0-4EDA-B3CC-72E2A798D105}.AppStore|x86.Build.0 = AppStore|iPhone
		{3E639509-02D0-4EDA-B3CC-72E2A798D105}.AppStore|x86.Deploy.0 = AppStore|iPhone
		{3E639509-02D0-4EDA-B3CC-72E2A798D105}.Debug|Any CPU.ActiveCfg = Debug|iPhoneSimulator
		{3E639509-02D0-4EDA-B3CC-72E2A798D105}.Debug|Any CPU.Build.0 = Debug|iPhoneSimulator
		{3E639509-02D0-4EDA-B3CC-72E2A798D105}.Debug|Any CPU.Deploy.0 = Debug|iPhoneSimulator
		{3E639509-02D0-4EDA-B3CC-72E2A798D105}.Debug|ARM.ActiveCfg = Debug|iPhone
		{3E639509-02D0-4EDA-B3CC-72E2A798D105}.Debug|ARM.Build.0 = Debug|iPhone
		{3E639509-02D0-4EDA-B3CC-72E2A798D105}.Debug|ARM.Deploy.0 = Debug|iPhone
		{3E639509-02D0-4EDA-B3CC-72E2A798D105}.Debug|iPhone.ActiveCfg = Debug|iPhone
		{3E639509-02D0-4EDA-B3CC-72E2A798D105}.Debug|iPhone.Build.0 = Debug|iPhone
		{3E639509-02D0-4EDA-B3CC-72E2A798D105}.Debug|iPhone.Deploy.0 = Debug|iPhone
		{3E639509-02D0-4EDA-B3CC-72E2A798D105}.Debug|iPhoneSimulator.ActiveCfg = Debug|iPhoneSimulator
		{3E639509-02D0-4EDA-B3CC-72E2A798D105}.Debug|iPhoneSimulator.Build.0 = Debug|iPhoneSimulator
		{3E639509-02D0-4EDA-B3CC-72E2A798D105}.Debug|iPhoneSimulator.Deploy.0 = Debug|iPhoneSimulator
		{3E639509-02D0-4EDA-B3CC-72E2A798D105}.Debug|x64.ActiveCfg = Debug|iPhone
		{3E639509-02D0-4EDA-B3CC-72E2A798D105}.Debug|x64.Build.0 = Debug|iPhone
		{3E639509-02D0-4EDA-B3CC-72E2A798D105}.Debug|x64.Deploy.0 = Debug|iPhone
		{3E639509-02D0-4EDA-B3CC-72E2A798D105}.Debug|x86.ActiveCfg = Debug|iPhone
		{3E639509-02D0-4EDA-B3CC-72E2A798D105}.Debug|x86.Build.0 = Debug|iPhone
		{3E639509-02D0-4EDA-B3CC-72E2A798D105}.Debug|x86.Deploy.0 = Debug|iPhone
		{3E639509-02D0-4EDA-B3CC-72E2A798D105}.Release|Any CPU.ActiveCfg = Release|iPhone
		{3E639509-02D0-4EDA-B3CC-72E2A798D105}.Release|Any CPU.Build.0 = Release|iPhone
		{3E639509-02D0-4EDA-B3CC-72E2A798D105}.Release|Any CPU.Deploy.0 = Release|iPhone
		{3E639509-02D0-4EDA-B3CC-72E2A798D105}.Release|ARM.ActiveCfg = Release|iPhone
		{3E639509-02D0-4EDA-B3CC-72E2A798D105}.Release|ARM.Build.0 = Release|iPhone
		{3E639509-02D0-4EDA-B3CC-72E2A798D105}.Release|ARM.Deploy.0 = Release|iPhone
		{3E639509-02D0-4EDA-B3CC-72E2A798D105}.Release|iPhone.ActiveCfg = Release|iPhone
		{3E639509-02D0-4EDA-B3CC-72E2A798D105}.Release|iPhone.Build.0 = Release|iPhone
		{3E639509-02D0-4EDA-B3CC-72E2A798D105}.Release|iPhone.Deploy.0 = Release|iPhone
		{3E639509-02D0-4EDA-B3CC-72E2A798D105}.Release|iPhoneSimulator.ActiveCfg = Release|iPhoneSimulator
		{3E639509-02D0-4EDA-B3CC-72E2A798D105}.Release|iPhoneSimulator.Build.0 = Release|iPhoneSimulator
		{3E639509-02D0-4EDA-B3CC-72E2A798D105}.Release|iPhoneSimulator.Deploy.0 = Release|iPhoneSimulator
		{3E639509-02D0-4EDA-B3CC-72E2A798D105}.Release|x64.ActiveCfg = Release|iPhone
		{3E639509-02D0-4EDA-B3CC-72E2A798D105}.Release|x64.Build.0 = Release|iPhone
		{3E639509-02D0-4EDA-B3CC-72E2A798D105}.Release|x64.Deploy.0 = Release|iPhone
		{3E639509-02D0-4EDA-B3CC-72E2A798D105}.Release|x86.ActiveCfg = Release|iPhone
		{3E639509-02D0-4EDA-B3CC-72E2A798D105}.Release|x86.Build.0 = Release|iPhone
		{3E639509-02D0-4EDA-B3CC-72E2A798D105}.Release|x86.Deploy.0 = Release|iPhone
		{1DCF42F9-78F3-4027-892F-1D5A22B94959}.Ad-Hoc|Any CPU.ActiveCfg = Release|x86
		{1DCF42F9-78F3-4027-892F-1D5A22B94959}.Ad-Hoc|Any CPU.Build.0 = Release|x86
		{1DCF42F9-78F3-4027-892F-1D5A22B94959}.Ad-Hoc|Any CPU.Deploy.0 = Release|x86
		{1DCF42F9-78F3-4027-892F-1D5A22B94959}.Ad-Hoc|ARM.ActiveCfg = Release|ARM
		{1DCF42F9-78F3-4027-892F-1D5A22B94959}.Ad-Hoc|ARM.Build.0 = Release|ARM
		{1DCF42F9-78F3-4027-892F-1D5A22B94959}.Ad-Hoc|ARM.Deploy.0 = Release|ARM
		{1DCF42F9-78F3-4027-892F-1D5A22B94959}.Ad-Hoc|iPhone.ActiveCfg = Release|x86
		{1DCF42F9-78F3-4027-892F-1D5A22B94959}.Ad-Hoc|iPhone.Build.0 = Release|x86
		{1DCF42F9-78F3-4027-892F-1D5A22B94959}.Ad-Hoc|iPhone.Deploy.0 = Release|x86
		{1DCF42F9-78F3-4027-892F-1D5A22B94959}.Ad-Hoc|iPhoneSimulator.ActiveCfg = Release|x86
		{1DCF42F9-78F3-4027-892F-1D5A22B94959}.Ad-Hoc|iPhoneSimulator.Build.0 = Release|x86
		{1DCF42F9-78F3-4027-892F-1D5A22B94959}.Ad-Hoc|iPhoneSimulator.Deploy.0 = Release|x86
		{1DCF42F9-78F3-4027-892F-1D5A22B94959}.Ad-Hoc|x64.ActiveCfg = Release|x64
		{1DCF42F9-78F3-4027-892F-1D5A22B94959}.Ad-Hoc|x64.Build.0 = Release|x64
		{1DCF42F9-78F3-4027-892F-1D5A22B94959}.Ad-Hoc|x64.Deploy.0 = Release|x64
		{1DCF42F9-78F3-4027-892F-1D5A22B94959}.Ad-Hoc|x86.ActiveCfg = Release|x86
		{1DCF42F9-78F3-4027-892F-1D5A22B94959}.Ad-Hoc|x86.Build.0 = Release|x86
		{1DCF42F9-78F3-4027-892F-1D5A22B94959}.Ad-Hoc|x86.Deploy.0 = Release|x86
		{1DCF42F9-78F3-4027-892F-1D5A22B94959}.AppStore|Any CPU.ActiveCfg = Release|x86
		{1DCF42F9-78F3-4027-892F-1D5A22B94959}.AppStore|Any CPU.Build.0 = Release|x86
		{1DCF42F9-78F3-4027-892F-1D5A22B94959}.AppStore|Any CPU.Deploy.0 = Release|x86
		{1DCF42F9-78F3-4027-892F-1D5A22B94959}.AppStore|ARM.ActiveCfg = Release|ARM
		{1DCF42F9-78F3-4027-892F-1D5A22B94959}.AppStore|ARM.Build.0 = Release|ARM
		{1DCF42F9-78F3-4027-892F-1D5A22B94959}.AppStore|ARM.Deploy.0 = Release|ARM
		{1DCF42F9-78F3-4027-892F-1D5A22B94959}.AppStore|iPhone.ActiveCfg = Release|x86
		{1DCF42F9-78F3-4027-892F-1D5A22B94959}.AppStore|iPhone.Build.0 = Release|x86
		{1DCF42F9-78F3-4027-892F-1D5A22B94959}.AppStore|iPhone.Deploy.0 = Release|x86
		{1DCF42F9-78F3-4027-892F-1D5A22B94959}.AppStore|iPhoneSimulator.ActiveCfg = Release|x86
		{1DCF42F9-78F3-4027-892F-1D5A22B94959}.AppStore|iPhoneSimulator.Build.0 = Release|x86
		{1DCF42F9-78F3-4027-892F-1D5A22B94959}.AppStore|iPhoneSimulator.Deploy.0 = Release|x86
		{1DCF42F9-78F3-4027-892F-1D5A22B94959}.AppStore|x64.ActiveCfg = Release|x64
		{1DCF42F9-78F3-4027-892F-1D5A22B94959}.AppStore|x64.Build.0 = Release|x64
		{1DCF42F9-78F3-4027-892F-1D5A22B94959}.AppStore|x64.Deploy.0 = Release|x64
		{1DCF42F9-78F3-4027-892F-1D5A22B94959}.AppStore|x86.ActiveCfg = Release|x86
		{1DCF42F9-78F3-4027-892F-1D5A22B94959}.AppStore|x86.Build.0 = Release|x86
		{1DCF42F9-78F3-4027-892F-1D5A22B94959}.AppStore|x86.Deploy.0 = Release|x86
		{1DCF42F9-78F3-4027-892F-1D5A22B94959}.Debug|Any CPU.ActiveCfg = Debug|x86
		{1DCF42F9-78F3-4027-892F-1D5A22B94959}.Debug|Any CPU.Build.0 = Debug|x86
		{1DCF42F9-78F3-4027-892F-1D5A22B94959}.Debug|Any CPU.Deploy.0 = Debug|x86
		{1DCF42F9-78F3-4027-892F-1D5A22B94959}.Debug|ARM.ActiveCfg = Debug|ARM
		{1DCF42F9-78F3-4027-892F-1D5A22B94959}.Debug|ARM.Build.0 = Debug|ARM
		{1DCF42F9-78F3-4027-892F-1D5A22B94959}.Debug|ARM.Deploy.0 = Debug|ARM
		{1DCF42F9-78F3-4027-892F-1D5A22B94959}.Debug|iPhone.ActiveCfg = Debug|x86
		{1DCF42F9-78F3-4027-892F-1D5A22B94959}.Debug|iPhone.Build.0 = Debug|x86
		{1DCF42F9-78F3-4027-892F-1D5A22B94959}.Debug|iPhone.Deploy.0 = Debug|x86
		{1DCF42F9-78F3-4027-892F-1D5A22B94959}.Debug|iPhoneSimulator.ActiveCfg = Debug|x86
		{1DCF42F9-78F3-4027-892F-1D5A22B94959}.Debug|iPhoneSimulator.Build.0 = Debug|x86
		{1DCF42F9-78F3-4027-892F-1D5A22B94959}.Debug|iPhoneSimulator.Deploy.0 = Debug|x86
		{1DCF42F9-78F3-4027-892F-1D5A22B94959}.Debug|x64.ActiveCfg = Debug|x64
		{1DCF42F9-78F3-4027-892F-1D5A22B94959}.Debug|x64.Build.0 = Debug|x64
		{1DCF42F9-78F3-4027-892F-1D5A22B94959}.Debug|x64.Deploy.0 = Debug|x64
		{1DCF42F9-78F3-4027-892F-1D5A22B94959}.Debug|x86.ActiveCfg = Debug|x86
		{1DCF42F9-78F3-4027-892F-1D5A22B94959}.Debug|x86.Build.0 = Debug|x86
		{1DCF42F9-78F3-4027-892F-1D5A22B94959}.Debug|x86.Deploy.0 = Debug|x86
		{1DCF42F9-78F3-4027-892F-1D5A22B94959}.Release|Any CPU.ActiveCfg = Release|x86
		{1DCF42F9-78F3-4027-892F-1D5A22B94959}.Release|Any CPU.Build.0 = Release|x86
		{1DCF42F9-78F3-4027-892F-1D5A22B94959}.Release|Any CPU.Deploy.0 = Release|x86
		{1DCF42F9-78F3-4027-892F-1D5A22B94959}.Release|ARM.ActiveCfg = Release|ARM
		{1DCF42F9-78F3-4027-892F-1D5A22B94959}.Release|ARM.Build.0 = Release|ARM
		{1DCF42F9-78F3-4027-892F-1D5A22B94959}.Release|ARM.Deploy.0 = Release|ARM
		{1DCF42F9-78F3-4027-892F-1D5A22B94959}.Release|iPhone.ActiveCfg = Release|x86
		{1DCF42F9-78F3-4027-892F-1D5A22B94959}.Release|iPhone.Build.0 = Release|x86
		{1DCF42F9-78F3-4027-892F-1D5A22B94959}.Release|iPhone.Deploy.0 = Release|x86
		{1DCF42F9-78F3-4027-892F-1D5A22B94959}.Release|iPhoneSimulator.ActiveCfg = Release|x86
		{1DCF42F9-78F3-4027-892F-1D5A22B94959}.Release|iPhoneSimulator.Build.0 = Release|x86
		{1DCF42F9-78F3-4027-892F-1D5A22B94959}.Release|iPhoneSimulator.Deploy.0 = Release|x86
		{1DCF42F9-78F3-4027-892F-1D5A22B94959}.Release|x64.ActiveCfg = Release|x64
		{1DCF42F9-78F3-4027-892F-1D5A22B94959}.Release|x64.Build.0 = Release|x64
		{1DCF42F9-78F3-4027-892F-1D5A22B94959}.Release|x64.Deploy.0 = Release|x64
		{1DCF42F9-78F3-4027-892F-1D5A22B94959}.Release|x86.ActiveCfg = Release|x86
		{1DCF42F9-78F3-4027-892F-1D5A22B94959}.Release|x86.Build.0 = Release|x86
		{1DCF42F9-78F3-4027-892F-1D5A22B94959}.Release|x86.Deploy.0 = Release|x86
		{7D25B16D-404B-4CEB-B451-D5748CFF3B8F}.Ad-Hoc|Any CPU.ActiveCfg = Debug|Any CPU
		{7D25B16D-404B-4CEB-B451-D5748CFF3B8F}.Ad-Hoc|Any CPU.Build.0 = Debug|Any CPU
		{7D25B16D-404B-4CEB-B451-D5748CFF3B8F}.Ad-Hoc|Any CPU.Deploy.0 = Debug|Any CPU
		{7D25B16D-404B-4CEB-B451-D5748CFF3B8F}.Ad-Hoc|ARM.ActiveCfg = Debug|Any CPU
		{7D25B16D-404B-4CEB-B451-D5748CFF3B8F}.Ad-Hoc|ARM.Build.0 = Debug|Any CPU
		{7D25B16D-404B-4CEB-B451-D5748CFF3B8F}.Ad-Hoc|ARM.Deploy.0 = Debug|Any CPU
		{7D25B16D-404B-4CEB-B451-D5748CFF3B8F}.Ad-Hoc|iPhone.ActiveCfg = Debug|Any CPU
		{7D25B16D-404B-4CEB-B451-D5748CFF3B8F}.Ad-Hoc|iPhone.Build.0 = Debug|Any CPU
		{7D25B16D-404B-4CEB-B451-D5748CFF3B8F}.Ad-Hoc|iPhone.Deploy.0 = Debug|Any CPU
		{7D25B16D-404B-4CEB-B451-D5748CFF3B8F}.Ad-Hoc|iPhoneSimulator.ActiveCfg = Debug|Any CPU
		{7D25B16D-404B-4CEB-B451-D5748CFF3B8F}.Ad-Hoc|iPhoneSimulator.Build.0 = Debug|Any CPU
		{7D25B16D-404B-4CEB-B451-D5748CFF3B8F}.Ad-Hoc|iPhoneSimulator.Deploy.0 = Debug|Any CPU
		{7D25B16D-404B-4CEB-B451-D5748CFF3B8F}.Ad-Hoc|x64.ActiveCfg = Debug|Any CPU
		{7D25B16D-404B-4CEB-B451-D5748CFF3B8F}.Ad-Hoc|x64.Build.0 = Debug|Any CPU
		{7D25B16D-404B-4CEB-B451-D5748CFF3B8F}.Ad-Hoc|x64.Deploy.0 = Debug|Any CPU
		{7D25B16D-404B-4CEB-B451-D5748CFF3B8F}.Ad-Hoc|x86.ActiveCfg = Debug|Any CPU
		{7D25B16D-404B-4CEB-B451-D5748CFF3B8F}.Ad-Hoc|x86.Build.0 = Debug|Any CPU
		{7D25B16D-404B-4CEB-B451-D5748CFF3B8F}.Ad-Hoc|x86.Deploy.0 = Debug|Any CPU
		{7D25B16D-404B-4CEB-B451-D5748CFF3B8F}.AppStore|Any CPU.ActiveCfg = Debug|Any CPU
		{7D25B16D-404B-4CEB-B451-D5748CFF3B8F}.AppStore|Any CPU.Build.0 = Debug|Any CPU
		{7D25B16D-404B-4CEB-B451-D5748CFF3B8F}.AppStore|Any CPU.Deploy.0 = Debug|Any CPU
		{7D25B16D-404B-4CEB-B451-D5748CFF3B8F}.AppStore|ARM.ActiveCfg = Debug|Any CPU
		{7D25B16D-404B-4CEB-B451-D5748CFF3B8F}.AppStore|ARM.Build.0 = Debug|Any CPU
		{7D25B16D-404B-4CEB-B451-D5748CFF3B8F}.AppStore|ARM.Deploy.0 = Debug|Any CPU
		{7D25B16D-404B-4CEB-B451-D5748CFF3B8F}.AppStore|iPhone.ActiveCfg = Debug|Any CPU
		{7D25B16D-404B-4CEB-B451-D5748CFF3B8F}.AppStore|iPhone.Build.0 = Debug|Any CPU
		{7D25B16D-404B-4CEB-B451-D5748CFF3B8F}.AppStore|iPhone.Deploy.0 = Debug|Any CPU
		{7D25B16D-404B-4CEB-B451-D5748CFF3B8F}.AppStore|iPhoneSimulator.ActiveCfg = Debug|Any CPU
		{7D25B16D-404B-4CEB-B451-D5748CFF3B8F}.AppStore|iPhoneSimulator.Build.0 = Debug|Any CPU
		{7D25B16D-404B-4CEB-B451-D5748CFF3B8F}.AppStore|iPhoneSimulator.Deploy.0 = Debug|Any CPU
		{7D25B16D-404B-4CEB-B451-D5748CFF3B8F}.AppStore|x64.ActiveCfg = Debug|Any CPU
		{7D25B16D-404B-4CEB-B451-D5748CFF3B8F}.AppStore|x64.Build.0 = Debug|Any CPU
		{7D25B16D-404B-4CEB-B451-D5748CFF3B8F}.AppStore|x64.Deploy.0 = Debug|Any CPU
		{7D25B16D-404B-4CEB-B451-D5748CFF3B8F}.AppStore|x86.ActiveCfg = Debug|Any CPU
		{7D25B16D-404B-4CEB-B451-D5748CFF3B8F}.AppStore|x86.Build.0 = Debug|Any CPU
		{7D25B16D-404B-4CEB-B451-D5748CFF3B8F}.AppStore|x86.Deploy.0 = Debug|Any CPU
		{7D25B16D-404B-4CEB-B451-D5748CFF3B8F}.Debug|Any CPU.ActiveCfg = Debug|Any CPU
		{7D25B16D-404B-4CEB-B451-D5748CFF3B8F}.Debug|Any CPU.Build.0 = Debug|Any CPU
		{7D25B16D-404B-4CEB-B451-D5748CFF3B8F}.Debug|Any CPU.Deploy.0 = Debug|Any CPU
		{7D25B16D-404B-4CEB-B451-D5748CFF3B8F}.Debug|ARM.ActiveCfg = Debug|Any CPU
		{7D25B16D-404B-4CEB-B451-D5748CFF3B8F}.Debug|ARM.Build.0 = Debug|Any CPU
		{7D25B16D-404B-4CEB-B451-D5748CFF3B8F}.Debug|ARM.Deploy.0 = Debug|Any CPU
		{7D25B16D-404B-4CEB-B451-D5748CFF3B8F}.Debug|iPhone.ActiveCfg = Debug|Any CPU
		{7D25B16D-404B-4CEB-B451-D5748CFF3B8F}.Debug|iPhone.Build.0 = Debug|Any CPU
		{7D25B16D-404B-4CEB-B451-D5748CFF3B8F}.Debug|iPhone.Deploy.0 = Debug|Any CPU
		{7D25B16D-404B-4CEB-B451-D5748CFF3B8F}.Debug|iPhoneSimulator.ActiveCfg = Debug|Any CPU
		{7D25B16D-404B-4CEB-B451-D5748CFF3B8F}.Debug|iPhoneSimulator.Build.0 = Debug|Any CPU
		{7D25B16D-404B-4CEB-B451-D5748CFF3B8F}.Debug|iPhoneSimulator.Deploy.0 = Debug|Any CPU
		{7D25B16D-404B-4CEB-B451-D5748CFF3B8F}.Debug|x64.ActiveCfg = Debug|Any CPU
		{7D25B16D-404B-4CEB-B451-D5748CFF3B8F}.Debug|x64.Build.0 = Debug|Any CPU
		{7D25B16D-404B-4CEB-B451-D5748CFF3B8F}.Debug|x64.Deploy.0 = Debug|Any CPU
		{7D25B16D-404B-4CEB-B451-D5748CFF3B8F}.Debug|x86.ActiveCfg = Debug|Any CPU
		{7D25B16D-404B-4CEB-B451-D5748CFF3B8F}.Debug|x86.Build.0 = Debug|Any CPU
		{7D25B16D-404B-4CEB-B451-D5748CFF3B8F}.Debug|x86.Deploy.0 = Debug|Any CPU
		{7D25B16D-404B-4CEB-B451-D5748CFF3B8F}.Release|Any CPU.ActiveCfg = Release|Any CPU
		{7D25B16D-404B-4CEB-B451-D5748CFF3B8F}.Release|Any CPU.Build.0 = Release|Any CPU
		{7D25B16D-404B-4CEB-B451-D5748CFF3B8F}.Release|Any CPU.Deploy.0 = Release|Any CPU
		{7D25B16D-404B-4CEB-B451-D5748CFF3B8F}.Release|ARM.ActiveCfg = Release|Any CPU
		{7D25B16D-404B-4CEB-B451-D5748CFF3B8F}.Release|ARM.Build.0 = Release|Any CPU
		{7D25B16D-404B-4CEB-B451-D5748CFF3B8F}.Release|ARM.Deploy.0 = Release|Any CPU
		{7D25B16D-404B-4CEB-B451-D5748CFF3B8F}.Release|iPhone.ActiveCfg = Release|Any CPU
		{7D25B16D-404B-4CEB-B451-D5748CFF3B8F}.Release|iPhone.Build.0 = Release|Any CPU
		{7D25B16D-404B-4CEB-B451-D5748CFF3B8F}.Release|iPhone.Deploy.0 = Release|Any CPU
		{7D25B16D-404B-4CEB-B451-D5748CFF3B8F}.Release|iPhoneSimulator.ActiveCfg = Release|Any CPU
		{7D25B16D-404B-4CEB-B451-D5748CFF3B8F}.Release|iPhoneSimulator.Build.0 = Release|Any CPU
		{7D25B16D-404B-4CEB-B451-D5748CFF3B8F}.Release|iPhoneSimulator.Deploy.0 = Release|Any CPU
		{7D25B16D-404B-4CEB-B451-D5748CFF3B8F}.Release|x64.ActiveCfg = Release|Any CPU
		{7D25B16D-404B-4CEB-B451-D5748CFF3B8F}.Release|x64.Build.0 = Release|Any CPU
		{7D25B16D-404B-4CEB-B451-D5748CFF3B8F}.Release|x64.Deploy.0 = Release|Any CPU
		{7D25B16D-404B-4CEB-B451-D5748CFF3B8F}.Release|x86.ActiveCfg = Release|Any CPU
		{7D25B16D-404B-4CEB-B451-D5748CFF3B8F}.Release|x86.Build.0 = Release|Any CPU
		{7D25B16D-404B-4CEB-B451-D5748CFF3B8F}.Release|x86.Deploy.0 = Release|Any CPU
	EndGlobalSection
	GlobalSection(SolutionProperties) = preSolution
		HideSolutionNode = FALSE
	EndGlobalSection
	GlobalSection(ExtensibilityGlobals) = postSolution
		SolutionGuid = {E424850F-A24A-4BAC-8BA6-A57587563254}
	EndGlobalSection
EndGlobal
